{
  "name": "financeiro",
  "version": "1.0.0",
  "lockfileVersion": 3,
  "requires": true,
  "packages": {
    "": {
      "name": "financeiro",
      "version": "1.0.0",
      "dependencies": {
        "brapi": "^1.0.1"
      }
    },
    "node_modules/brapi": {
      "version": "1.0.1",
      "resolved": "https://registry.npmjs.org/brapi/-/brapi-1.0.1.tgz",
      "integrity": "sha512-FKDFsO6b5kKHi1XeY1BneGCAgQ4XTOo95wpkNw2FWaoF/sRdMZNH92oxuYuVdQd5EhplhZOAG+/pFKp/ARwRZA==",
      "license": "Apache-2.0"
    }
  }
}
